
Microsoft Visual Studio Solution File, Format Version 12.00
# Visual Studio 15
VisualStudioVersion = 15.0.28307.168
MinimumVisualStudioVersion = 10.0.40219.1
Project("{FAE04EC0-301F-11D3-BF4B-00C04F79EFBC}") = "LinkedLists", "LinkedLists\LinkedLists.csproj", "{AE5A4C0D-C7B3-45FB-8D80-93F4A3602D3A}"
EndProject
Global
	GlobalSection(SolutionConfigurationPlatforms) = preSolution
		Debug|Any CPU = Debug|Any CPU
		Release|Any CPU = Release|Any CPU
	EndGlobalSection
	GlobalSection(ProjectConfigurationPlatforms) = postSolution
		{AE5A4C0D-C7B3-45FB-8D80-93F4A3602D3A}.Debug|Any CPU.ActiveCfg = Debug|Any CPU
		{AE5A4C0D-C7B3-45FB-8D80-93F4A3602D3A}.Debug|Any CPU.Build.0 = Debug|Any CPU
		{AE5A4C0D-C7B3-45FB-8D80-93F4A3602D3A}.Release|Any CPU.ActiveCfg = Release|Any CPU
		{AE5A4C0D-C7B3-45FB-8D80-93F4A3602D3A}.Release|Any CPU.Build.0 = Release|Any CPU
	EndGlobalSection
	GlobalSection(SolutionProperties) = preSolution
		HideSolutionNode = FALSE
	EndGlobalSection
	GlobalSection(ExtensibilityGlobals) = postSolution
		SolutionGuid = {921C0389-A961-4172-925F-A4BAA6F8924C}
	EndGlobalSection
EndGlobal
