
Microsoft Visual Studio Solution File, Format Version 12.00
# Visual Studio 15
VisualStudioVersion = 15.0.28307.271
MinimumVisualStudioVersion = 10.0.40219.1
Project("{FAE04EC0-301F-11D3-BF4B-00C04F79EFBC}") = "RepeatedWordApp", "RepeatedWordApp\RepeatedWordApp.csproj", "{9713DAE8-D9E0-4CA3-8F6E-51706CC19B22}"
EndProject
Project("{FAE04EC0-301F-11D3-BF4B-00C04F79EFBC}") = "RepeatedWordTest", "RepeatedWordTest\RepeatedWordTest.csproj", "{92C7D8D6-41A2-4A72-92B6-1C8AC0DF52C3}"
EndProject
Global
	GlobalSection(SolutionConfigurationPlatforms) = preSolution
		Debug|Any CPU = Debug|Any CPU
		Release|Any CPU = Release|Any CPU
	EndGlobalSection
	GlobalSection(ProjectConfigurationPlatforms) = postSolution
		{9713DAE8-D9E0-4CA3-8F6E-51706CC19B22}.Debug|Any CPU.ActiveCfg = Debug|Any CPU
		{9713DAE8-D9E0-4CA3-8F6E-51706CC19B22}.Debug|Any CPU.Build.0 = Debug|Any CPU
		{9713DAE8-D9E0-4CA3-8F6E-51706CC19B22}.Release|Any CPU.ActiveCfg = Release|Any CPU
		{9713DAE8-D9E0-4CA3-8F6E-51706CC19B22}.Release|Any CPU.Build.0 = Release|Any CPU
		{92C7D8D6-41A2-4A72-92B6-1C8AC0DF52C3}.Debug|Any CPU.ActiveCfg = Debug|Any CPU
		{92C7D8D6-41A2-4A72-92B6-1C8AC0DF52C3}.Debug|Any CPU.Build.0 = Debug|Any CPU
		{92C7D8D6-41A2-4A72-92B6-1C8AC0DF52C3}.Release|Any CPU.ActiveCfg = Release|Any CPU
		{92C7D8D6-41A2-4A72-92B6-1C8AC0DF52C3}.Release|Any CPU.Build.0 = Release|Any CPU
	EndGlobalSection
	GlobalSection(SolutionProperties) = preSolution
		HideSolutionNode = FALSE
	EndGlobalSection
	GlobalSection(ExtensibilityGlobals) = postSolution
		SolutionGuid = {04F632B9-8CB5-4443-9584-F2F4E24C5708}
	EndGlobalSection
EndGlobal
