
Microsoft Visual Studio Solution File, Format Version 12.00
# Visual Studio 15
VisualStudioVersion = 15.0.28307.271
MinimumVisualStudioVersion = 10.0.40219.1
Project("{FAE04EC0-301F-11D3-BF4B-00C04F79EFBC}") = "graphsApp", "graphsApp\graphsApp.csproj", "{D2AB07CF-B56B-420F-AB1D-7D43B9E357C3}"
EndProject
Global
	GlobalSection(SolutionConfigurationPlatforms) = preSolution
		Debug|Any CPU = Debug|Any CPU
		Release|Any CPU = Release|Any CPU
	EndGlobalSection
	GlobalSection(ProjectConfigurationPlatforms) = postSolution
		{D2AB07CF-B56B-420F-AB1D-7D43B9E357C3}.Debug|Any CPU.ActiveCfg = Debug|Any CPU
		{D2AB07CF-B56B-420F-AB1D-7D43B9E357C3}.Debug|Any CPU.Build.0 = Debug|Any CPU
		{D2AB07CF-B56B-420F-AB1D-7D43B9E357C3}.Release|Any CPU.ActiveCfg = Release|Any CPU
		{D2AB07CF-B56B-420F-AB1D-7D43B9E357C3}.Release|Any CPU.Build.0 = Release|Any CPU
	EndGlobalSection
	GlobalSection(SolutionProperties) = preSolution
		HideSolutionNode = FALSE
	EndGlobalSection
	GlobalSection(ExtensibilityGlobals) = postSolution
		SolutionGuid = {86CC3C21-8436-4F29-9BB0-91BB410CF17A}
	EndGlobalSection
EndGlobal
