
Microsoft Visual Studio Solution File, Format Version 12.00
# Visual Studio 15
VisualStudioVersion = 15.0.28307.271
MinimumVisualStudioVersion = 10.0.40219.1
Project("{FAE04EC0-301F-11D3-BF4B-00C04F79EFBC}") = "FindMaxApp", "FindMaxApp\FindMaxApp.csproj", "{810291A8-A080-49C8-B068-A67B768E9F7D}"
EndProject
Project("{FAE04EC0-301F-11D3-BF4B-00C04F79EFBC}") = "FindMaxTests", "FindMaxTests\FindMaxTests.csproj", "{86C5E0D2-08EA-4C3D-9A32-2DA0CB6C4FBD}"
EndProject
Global
	GlobalSection(SolutionConfigurationPlatforms) = preSolution
		Debug|Any CPU = Debug|Any CPU
		Release|Any CPU = Release|Any CPU
	EndGlobalSection
	GlobalSection(ProjectConfigurationPlatforms) = postSolution
		{810291A8-A080-49C8-B068-A67B768E9F7D}.Debug|Any CPU.ActiveCfg = Debug|Any CPU
		{810291A8-A080-49C8-B068-A67B768E9F7D}.Debug|Any CPU.Build.0 = Debug|Any CPU
		{810291A8-A080-49C8-B068-A67B768E9F7D}.Release|Any CPU.ActiveCfg = Release|Any CPU
		{810291A8-A080-49C8-B068-A67B768E9F7D}.Release|Any CPU.Build.0 = Release|Any CPU
		{86C5E0D2-08EA-4C3D-9A32-2DA0CB6C4FBD}.Debug|Any CPU.ActiveCfg = Debug|Any CPU
		{86C5E0D2-08EA-4C3D-9A32-2DA0CB6C4FBD}.Debug|Any CPU.Build.0 = Debug|Any CPU
		{86C5E0D2-08EA-4C3D-9A32-2DA0CB6C4FBD}.Release|Any CPU.ActiveCfg = Release|Any CPU
		{86C5E0D2-08EA-4C3D-9A32-2DA0CB6C4FBD}.Release|Any CPU.Build.0 = Release|Any CPU
	EndGlobalSection
	GlobalSection(SolutionProperties) = preSolution
		HideSolutionNode = FALSE
	EndGlobalSection
	GlobalSection(ExtensibilityGlobals) = postSolution
		SolutionGuid = {09E7FAB5-CC4C-4563-A0DA-F6DE7E6E69DA}
	EndGlobalSection
EndGlobal
